
Microsoft Visual Studio Solution File, Format Version 12.00
# Visual Studio Version 16
VisualStudioVersion = 16.0.31112.23
MinimumVisualStudioVersion = 10.0.40219.1
Project("{FAE04EC0-301F-11D3-BF4B-00C04F79EFBC}") = "api", "api\api.csproj", "{8EC587A2-69A8-4A11-BDFF-2DDB7F722926}"
EndProject
Global
	GlobalSection(SolutionConfigurationPlatforms) = preSolution
		Debug|Any CPU = Debug|Any CPU
		Release|Any CPU = Release|Any CPU
	EndGlobalSection
	GlobalSection(ProjectConfigurationPlatforms) = postSolution
		{8EC587A2-69A8-4A11-BDFF-2DDB7F722926}.Debug|Any CPU.ActiveCfg = Debug|Any CPU
		{8EC587A2-69A8-4A11-BDFF-2DDB7F722926}.Debug|Any CPU.Build.0 = Debug|Any CPU
		{8EC587A2-69A8-4A11-BDFF-2DDB7F722926}.Release|Any CPU.ActiveCfg = Release|Any CPU
		{8EC587A2-69A8-4A11-BDFF-2DDB7F722926}.Release|Any CPU.Build.0 = Release|Any CPU
	EndGlobalSection
	GlobalSection(SolutionProperties) = preSolution
		HideSolutionNode = FALSE
	EndGlobalSection
	GlobalSection(ExtensibilityGlobals) = postSolution
		SolutionGuid = {683C6CB5-04C7-4E8B-976D-627A88A341A7}
	EndGlobalSection
EndGlobal
